
Microsoft Visual Studio Solution File, Format Version 12.00
# Visual Studio 15
VisualStudioVersion = 15.0.28307.645
MinimumVisualStudioVersion = 10.0.40219.1
Project("{FAE04EC0-301F-11D3-BF4B-00C04F79EFBC}") = "Marchenko_Lab2", "Marchenko_Lab2\Marchenko_Lab2.csproj", "{531CADBB-07F3-454D-8A38-7DCAFD40C82A}"
EndProject
Global
	GlobalSection(SolutionConfigurationPlatforms) = preSolution
		Debug|Any CPU = Debug|Any CPU
		Release|Any CPU = Release|Any CPU
	EndGlobalSection
	GlobalSection(ProjectConfigurationPlatforms) = postSolution
		{531CADBB-07F3-454D-8A38-7DCAFD40C82A}.Debug|Any CPU.ActiveCfg = Debug|Any CPU
		{531CADBB-07F3-454D-8A38-7DCAFD40C82A}.Debug|Any CPU.Build.0 = Debug|Any CPU
		{531CADBB-07F3-454D-8A38-7DCAFD40C82A}.Release|Any CPU.ActiveCfg = Release|Any CPU
		{531CADBB-07F3-454D-8A38-7DCAFD40C82A}.Release|Any CPU.Build.0 = Release|Any CPU
	EndGlobalSection
	GlobalSection(SolutionProperties) = preSolution
		HideSolutionNode = FALSE
	EndGlobalSection
	GlobalSection(ExtensibilityGlobals) = postSolution
		SolutionGuid = {CA22C8F5-3090-403D-84D5-3DFF54D30CCE}
	EndGlobalSection
EndGlobal
