
Microsoft Visual Studio Solution File, Format Version 12.00
# Visual Studio 15
VisualStudioVersion = 15.0.28307.645
MinimumVisualStudioVersion = 10.0.40219.1
Project("{FAE04EC0-301F-11D3-BF4B-00C04F79EFBC}") = "Metrics", "Metrics\Metrics.csproj", "{159BE447-075D-4EDA-B4AD-F9336BC48BBE}"
EndProject
Global
	GlobalSection(SolutionConfigurationPlatforms) = preSolution
		Debug|Any CPU = Debug|Any CPU
		Release|Any CPU = Release|Any CPU
	EndGlobalSection
	GlobalSection(ProjectConfigurationPlatforms) = postSolution
		{159BE447-075D-4EDA-B4AD-F9336BC48BBE}.Debug|Any CPU.ActiveCfg = Debug|Any CPU
		{159BE447-075D-4EDA-B4AD-F9336BC48BBE}.Debug|Any CPU.Build.0 = Debug|Any CPU
		{159BE447-075D-4EDA-B4AD-F9336BC48BBE}.Release|Any CPU.ActiveCfg = Release|Any CPU
		{159BE447-075D-4EDA-B4AD-F9336BC48BBE}.Release|Any CPU.Build.0 = Release|Any CPU
	EndGlobalSection
	GlobalSection(SolutionProperties) = preSolution
		HideSolutionNode = FALSE
	EndGlobalSection
	GlobalSection(ExtensibilityGlobals) = postSolution
		SolutionGuid = {E6293643-3139-4D5D-A158-33DEC517502D}
	EndGlobalSection
EndGlobal
